
Microsoft Visual Studio Solution File, Format Version 12.00
# Visual Studio Version 16
VisualStudioVersion = 16.0.29102.190
MinimumVisualStudioVersion = 10.0.40219.1
Project("{FAE04EC0-301F-11D3-BF4B-00C04F79EFBC}") = "SicBoControls", "SicBoControls\SicBoControls.csproj", "{F701FFFA-12FD-495F-888C-0AE94D5613E9}"
EndProject
Project("{FAE04EC0-301F-11D3-BF4B-00C04F79EFBC}") = "SicBo", "SicBo\SicBo.csproj", "{71A2F55C-F7B5-4395-B2E7-4EBE61357A0B}"
EndProject
Global
	GlobalSection(SolutionConfigurationPlatforms) = preSolution
		Debug|Any CPU = Debug|Any CPU
		Release|Any CPU = Release|Any CPU
	EndGlobalSection
	GlobalSection(ProjectConfigurationPlatforms) = postSolution
		{F701FFFA-12FD-495F-888C-0AE94D5613E9}.Debug|Any CPU.ActiveCfg = Debug|Any CPU
		{F701FFFA-12FD-495F-888C-0AE94D5613E9}.Debug|Any CPU.Build.0 = Debug|Any CPU
		{F701FFFA-12FD-495F-888C-0AE94D5613E9}.Release|Any CPU.ActiveCfg = Release|Any CPU
		{F701FFFA-12FD-495F-888C-0AE94D5613E9}.Release|Any CPU.Build.0 = Release|Any CPU
		{71A2F55C-F7B5-4395-B2E7-4EBE61357A0B}.Debug|Any CPU.ActiveCfg = Debug|Any CPU
		{71A2F55C-F7B5-4395-B2E7-4EBE61357A0B}.Debug|Any CPU.Build.0 = Debug|Any CPU
		{71A2F55C-F7B5-4395-B2E7-4EBE61357A0B}.Release|Any CPU.ActiveCfg = Release|Any CPU
		{71A2F55C-F7B5-4395-B2E7-4EBE61357A0B}.Release|Any CPU.Build.0 = Release|Any CPU
	EndGlobalSection
	GlobalSection(SolutionProperties) = preSolution
		HideSolutionNode = FALSE
	EndGlobalSection
	GlobalSection(ExtensibilityGlobals) = postSolution
		SolutionGuid = {05C0B09F-0F96-478E-8F73-DB475DAEA738}
	EndGlobalSection
EndGlobal
